
Microsoft Visual Studio Solution File, Format Version 12.00
# Visual Studio Version 17
VisualStudioVersion = 17.2.32526.322
MinimumVisualStudioVersion = 10.0.40219.1
Project("{FAE04EC0-301F-11D3-BF4B-00C04F79EFBC}") = "PersonalManagement", "PersonalManagement\PersonalManagement.csproj", "{69D3D404-E53F-4BA0-A87A-133DF8BD2AC5}"
EndProject
Global
	GlobalSection(SolutionConfigurationPlatforms) = preSolution
		Debug|Any CPU = Debug|Any CPU
		Release|Any CPU = Release|Any CPU
	EndGlobalSection
	GlobalSection(ProjectConfigurationPlatforms) = postSolution
		{69D3D404-E53F-4BA0-A87A-133DF8BD2AC5}.Debug|Any CPU.ActiveCfg = Debug|Any CPU
		{69D3D404-E53F-4BA0-A87A-133DF8BD2AC5}.Debug|Any CPU.Build.0 = Debug|Any CPU
		{69D3D404-E53F-4BA0-A87A-133DF8BD2AC5}.Release|Any CPU.ActiveCfg = Release|Any CPU
		{69D3D404-E53F-4BA0-A87A-133DF8BD2AC5}.Release|Any CPU.Build.0 = Release|Any CPU
	EndGlobalSection
	GlobalSection(SolutionProperties) = preSolution
		HideSolutionNode = FALSE
	EndGlobalSection
	GlobalSection(ExtensibilityGlobals) = postSolution
		SolutionGuid = {5B31B60E-0B03-4935-9541-817264849C02}
	EndGlobalSection
EndGlobal
